
Microsoft Visual Studio Solution File, Format Version 12.00
Project("{FAE04EC0-301F-11D3-BF4B-00C04F79EFBC}") = "SnakeSharp", "SnakeSharp\SnakeSharp.csproj", "{44574863-E124-40DA-8BD5-3A9C23E59720}"
EndProject
Project("{FAE04EC0-301F-11D3-BF4B-00C04F79EFBC}") = "SnakeSharpBlazor.Server", "SnakeSharpBlazor\Server\SnakeSharpBlazor.Server.csproj", "{99E76660-10B6-41CA-B1B0-663729F275B1}"
EndProject
Project("{FAE04EC0-301F-11D3-BF4B-00C04F79EFBC}") = "SnakeSharpBlazor.Client", "SnakeSharpBlazor\Client\SnakeSharpBlazor.Client.csproj", "{2691FE28-2A5F-47FE-8318-5825C44CF5E0}"
EndProject
Project("{FAE04EC0-301F-11D3-BF4B-00C04F79EFBC}") = "SnakeSharpBlazor.Shared", "SnakeSharpBlazor\Shared\SnakeSharpBlazor.Shared.csproj", "{DC62F03D-A2EB-4A94-944C-4CBC4FFE7281}"
EndProject
Project("{2150E333-8FDC-42A3-9474-1A3956D46DE8}") = "Blazor", "Blazor", "{2A8B99A1-F0C4-4C66-9BF7-D25609FAF7A5}"
EndProject
Project("{2150E333-8FDC-42A3-9474-1A3956D46DE8}") = "WebAssembly", "WebAssembly", "{5A90C33B-9B23-4361-B13E-77923978742C}"
EndProject
Project("{FAE04EC0-301F-11D3-BF4B-00C04F79EFBC}") = "ShakeSharpEngine", "ShakeSharpEngine\ShakeSharpEngine.csproj", "{5784723E-1B68-4645-9905-879810303AD5}"
EndProject
Global
	GlobalSection(SolutionConfigurationPlatforms) = preSolution
		Debug|Any CPU = Debug|Any CPU
		Release|Any CPU = Release|Any CPU
	EndGlobalSection
	GlobalSection(ProjectConfigurationPlatforms) = postSolution
		{44574863-E124-40DA-8BD5-3A9C23E59720}.Debug|Any CPU.ActiveCfg = Debug|Any CPU
		{44574863-E124-40DA-8BD5-3A9C23E59720}.Debug|Any CPU.Build.0 = Debug|Any CPU
		{44574863-E124-40DA-8BD5-3A9C23E59720}.Release|Any CPU.ActiveCfg = Release|Any CPU
		{44574863-E124-40DA-8BD5-3A9C23E59720}.Release|Any CPU.Build.0 = Release|Any CPU
		{99E76660-10B6-41CA-B1B0-663729F275B1}.Debug|Any CPU.ActiveCfg = Debug|Any CPU
		{99E76660-10B6-41CA-B1B0-663729F275B1}.Debug|Any CPU.Build.0 = Debug|Any CPU
		{99E76660-10B6-41CA-B1B0-663729F275B1}.Release|Any CPU.ActiveCfg = Release|Any CPU
		{99E76660-10B6-41CA-B1B0-663729F275B1}.Release|Any CPU.Build.0 = Release|Any CPU
		{2691FE28-2A5F-47FE-8318-5825C44CF5E0}.Debug|Any CPU.ActiveCfg = Debug|Any CPU
		{2691FE28-2A5F-47FE-8318-5825C44CF5E0}.Debug|Any CPU.Build.0 = Debug|Any CPU
		{2691FE28-2A5F-47FE-8318-5825C44CF5E0}.Release|Any CPU.ActiveCfg = Release|Any CPU
		{2691FE28-2A5F-47FE-8318-5825C44CF5E0}.Release|Any CPU.Build.0 = Release|Any CPU
		{DC62F03D-A2EB-4A94-944C-4CBC4FFE7281}.Debug|Any CPU.ActiveCfg = Debug|Any CPU
		{DC62F03D-A2EB-4A94-944C-4CBC4FFE7281}.Debug|Any CPU.Build.0 = Debug|Any CPU
		{DC62F03D-A2EB-4A94-944C-4CBC4FFE7281}.Release|Any CPU.ActiveCfg = Release|Any CPU
		{DC62F03D-A2EB-4A94-944C-4CBC4FFE7281}.Release|Any CPU.Build.0 = Release|Any CPU
		{5784723E-1B68-4645-9905-879810303AD5}.Debug|Any CPU.ActiveCfg = Debug|Any CPU
		{5784723E-1B68-4645-9905-879810303AD5}.Debug|Any CPU.Build.0 = Debug|Any CPU
		{5784723E-1B68-4645-9905-879810303AD5}.Release|Any CPU.ActiveCfg = Release|Any CPU
		{5784723E-1B68-4645-9905-879810303AD5}.Release|Any CPU.Build.0 = Release|Any CPU
	EndGlobalSection
	GlobalSection(NestedProjects) = preSolution
		{5A90C33B-9B23-4361-B13E-77923978742C} = {2A8B99A1-F0C4-4C66-9BF7-D25609FAF7A5}
		{2691FE28-2A5F-47FE-8318-5825C44CF5E0} = {5A90C33B-9B23-4361-B13E-77923978742C}
		{99E76660-10B6-41CA-B1B0-663729F275B1} = {5A90C33B-9B23-4361-B13E-77923978742C}
		{DC62F03D-A2EB-4A94-944C-4CBC4FFE7281} = {5A90C33B-9B23-4361-B13E-77923978742C}
	EndGlobalSection
EndGlobal
